
Microsoft Visual Studio Solution File, Format Version 12.00
# Visual Studio 15
VisualStudioVersion = 15.0.27130.2010
MinimumVisualStudioVersion = 10.0.40219.1
Project("{FAE04EC0-301F-11D3-BF4B-00C04F79EFBC}") = "ConsoleApp_FindDivisors", "ConsoleApp_FindDivisors\ConsoleApp_FindDivisors.csproj", "{F479ACD7-5944-40D8-A7F2-E7CF4DCD64B4}"
EndProject
Project("{FAE04EC0-301F-11D3-BF4B-00C04F79EFBC}") = "ConsoleApp_FindDivisorsTests", "ConsoleApp_FindDivisorsTests\ConsoleApp_FindDivisorsTests.csproj", "{DEDC7D0F-749D-41FE-90C0-7E448ED32E4A}"
EndProject
Global
	GlobalSection(SolutionConfigurationPlatforms) = preSolution
		Debug|Any CPU = Debug|Any CPU
		Release|Any CPU = Release|Any CPU
	EndGlobalSection
	GlobalSection(ProjectConfigurationPlatforms) = postSolution
		{F479ACD7-5944-40D8-A7F2-E7CF4DCD64B4}.Debug|Any CPU.ActiveCfg = Debug|Any CPU
		{F479ACD7-5944-40D8-A7F2-E7CF4DCD64B4}.Debug|Any CPU.Build.0 = Debug|Any CPU
		{F479ACD7-5944-40D8-A7F2-E7CF4DCD64B4}.Release|Any CPU.ActiveCfg = Release|Any CPU
		{F479ACD7-5944-40D8-A7F2-E7CF4DCD64B4}.Release|Any CPU.Build.0 = Release|Any CPU
		{DEDC7D0F-749D-41FE-90C0-7E448ED32E4A}.Debug|Any CPU.ActiveCfg = Debug|Any CPU
		{DEDC7D0F-749D-41FE-90C0-7E448ED32E4A}.Debug|Any CPU.Build.0 = Debug|Any CPU
		{DEDC7D0F-749D-41FE-90C0-7E448ED32E4A}.Release|Any CPU.ActiveCfg = Release|Any CPU
		{DEDC7D0F-749D-41FE-90C0-7E448ED32E4A}.Release|Any CPU.Build.0 = Release|Any CPU
	EndGlobalSection
	GlobalSection(SolutionProperties) = preSolution
		HideSolutionNode = FALSE
	EndGlobalSection
	GlobalSection(ExtensibilityGlobals) = postSolution
		SolutionGuid = {75E8D20F-F1D0-4D26-A13E-0C977037993D}
	EndGlobalSection
EndGlobal
